{
  "name": "command-line-example",
  "version": "1.0.0",
  "lockfileVersion": 1,
  "requires": true,
  "dependencies": {
    "can-handle": {
      "version": "0.0.2",
      "resolved": "https://registry.npmjs.org/can-handle/-/can-handle-0.0.2.tgz",
      "integrity": "sha512-WqvuQTPgjsYxgIbYiUantOo9lkf2GvoeD1BiB7u8WyXFdTdQeogX395H7TiQIRba6uQ2CZ/lcK25dKiKA+VO2w==",
      "requires": {
        "parse-line": "^1.1.0"
      }
    },
    "parse-line": {
      "version": "1.1.0",
      "resolved": "https://registry.npmjs.org/parse-line/-/parse-line-1.1.0.tgz",
      "integrity": "sha512-e2B1cbdCPw+hDL33SMRqOKnerAVMlnXiwjAua5+NiXzIuFmQctj1YwPrgMq4rSTz7nB6Oju+NQx9vUXxElusIg=="
    }
  }
}
